
Microsoft Visual Studio Solution File, Format Version 12.00
# Visual Studio Version 17
VisualStudioVersion = 17.3.32901.215
MinimumVisualStudioVersion = 10.0.40219.1
Project("{FAE04EC0-301F-11D3-BF4B-00C04F79EFBC}") = "polymorphism", "polymorphism\polymorphism.csproj", "{ADED3F75-8D71-46C8-A389-2EBE277D46F7}"
EndProject
Global
	GlobalSection(SolutionConfigurationPlatforms) = preSolution
		Debug|Any CPU = Debug|Any CPU
		Release|Any CPU = Release|Any CPU
	EndGlobalSection
	GlobalSection(ProjectConfigurationPlatforms) = postSolution
		{ADED3F75-8D71-46C8-A389-2EBE277D46F7}.Debug|Any CPU.ActiveCfg = Debug|Any CPU
		{ADED3F75-8D71-46C8-A389-2EBE277D46F7}.Debug|Any CPU.Build.0 = Debug|Any CPU
		{ADED3F75-8D71-46C8-A389-2EBE277D46F7}.Release|Any CPU.ActiveCfg = Release|Any CPU
		{ADED3F75-8D71-46C8-A389-2EBE277D46F7}.Release|Any CPU.Build.0 = Release|Any CPU
	EndGlobalSection
	GlobalSection(SolutionProperties) = preSolution
		HideSolutionNode = FALSE
	EndGlobalSection
	GlobalSection(ExtensibilityGlobals) = postSolution
		SolutionGuid = {57B35B08-E20F-452C-A19C-32E99F290C0D}
	EndGlobalSection
EndGlobal
